
Microsoft Visual Studio Solution File, Format Version 12.00
# Visual Studio Version 16
VisualStudioVersion = 16.0.32407.337
MinimumVisualStudioVersion = 10.0.40219.1
Project("{8BC9CEB8-8B4A-11D0-8D11-00A0C91BC942}") = "Session7", "Session7\Session7.vcxproj", "{68743018-A069-4364-90F9-F80CE70FFD26}"
EndProject
Global
	GlobalSection(SolutionConfigurationPlatforms) = preSolution
		Debug|x64 = Debug|x64
		Debug|x86 = Debug|x86
		Release|x64 = Release|x64
		Release|x86 = Release|x86
	EndGlobalSection
	GlobalSection(ProjectConfigurationPlatforms) = postSolution
		{68743018-A069-4364-90F9-F80CE70FFD26}.Debug|x64.ActiveCfg = Debug|x64
		{68743018-A069-4364-90F9-F80CE70FFD26}.Debug|x64.Build.0 = Debug|x64
		{68743018-A069-4364-90F9-F80CE70FFD26}.Debug|x86.ActiveCfg = Debug|Win32
		{68743018-A069-4364-90F9-F80CE70FFD26}.Debug|x86.Build.0 = Debug|Win32
		{68743018-A069-4364-90F9-F80CE70FFD26}.Release|x64.ActiveCfg = Release|x64
		{68743018-A069-4364-90F9-F80CE70FFD26}.Release|x64.Build.0 = Release|x64
		{68743018-A069-4364-90F9-F80CE70FFD26}.Release|x86.ActiveCfg = Release|Win32
		{68743018-A069-4364-90F9-F80CE70FFD26}.Release|x86.Build.0 = Release|Win32
	EndGlobalSection
	GlobalSection(SolutionProperties) = preSolution
		HideSolutionNode = FALSE
	EndGlobalSection
	GlobalSection(ExtensibilityGlobals) = postSolution
		SolutionGuid = {C90C56F3-CAF8-4D07-BA3D-04209E4F4206}
	EndGlobalSection
EndGlobal
