
Microsoft Visual Studio Solution File, Format Version 12.00
# Visual Studio Version 16
VisualStudioVersion = 16.0.31515.178
MinimumVisualStudioVersion = 10.0.40219.1
Project("{8BC9CEB8-8B4A-11D0-8D11-00A0C91BC942}") = "Bai1", "Bai1\Bai1.vcxproj", "{B877F0CF-E772-47EE-865F-8AB803674615}"
EndProject
Project("{8BC9CEB8-8B4A-11D0-8D11-00A0C91BC942}") = "Bai2", "Bai2\Bai2.vcxproj", "{5951FDD7-A4D4-4B90-98E9-4D16FC765099}"
EndProject
Global
	GlobalSection(SolutionConfigurationPlatforms) = preSolution
		Debug|x64 = Debug|x64
		Debug|x86 = Debug|x86
		Release|x64 = Release|x64
		Release|x86 = Release|x86
	EndGlobalSection
	GlobalSection(ProjectConfigurationPlatforms) = postSolution
		{B877F0CF-E772-47EE-865F-8AB803674615}.Debug|x64.ActiveCfg = Debug|x64
		{B877F0CF-E772-47EE-865F-8AB803674615}.Debug|x64.Build.0 = Debug|x64
		{B877F0CF-E772-47EE-865F-8AB803674615}.Debug|x86.ActiveCfg = Debug|Win32
		{B877F0CF-E772-47EE-865F-8AB803674615}.Debug|x86.Build.0 = Debug|Win32
		{B877F0CF-E772-47EE-865F-8AB803674615}.Release|x64.ActiveCfg = Release|x64
		{B877F0CF-E772-47EE-865F-8AB803674615}.Release|x64.Build.0 = Release|x64
		{B877F0CF-E772-47EE-865F-8AB803674615}.Release|x86.ActiveCfg = Release|Win32
		{B877F0CF-E772-47EE-865F-8AB803674615}.Release|x86.Build.0 = Release|Win32
		{5951FDD7-A4D4-4B90-98E9-4D16FC765099}.Debug|x64.ActiveCfg = Debug|x64
		{5951FDD7-A4D4-4B90-98E9-4D16FC765099}.Debug|x64.Build.0 = Debug|x64
		{5951FDD7-A4D4-4B90-98E9-4D16FC765099}.Debug|x86.ActiveCfg = Debug|Win32
		{5951FDD7-A4D4-4B90-98E9-4D16FC765099}.Debug|x86.Build.0 = Debug|Win32
		{5951FDD7-A4D4-4B90-98E9-4D16FC765099}.Release|x64.ActiveCfg = Release|x64
		{5951FDD7-A4D4-4B90-98E9-4D16FC765099}.Release|x64.Build.0 = Release|x64
		{5951FDD7-A4D4-4B90-98E9-4D16FC765099}.Release|x86.ActiveCfg = Release|Win32
		{5951FDD7-A4D4-4B90-98E9-4D16FC765099}.Release|x86.Build.0 = Release|Win32
	EndGlobalSection
	GlobalSection(SolutionProperties) = preSolution
		HideSolutionNode = FALSE
	EndGlobalSection
	GlobalSection(ExtensibilityGlobals) = postSolution
		SolutionGuid = {E075CE1F-E72B-47CD-9FF9-11B91EA209A2}
	EndGlobalSection
EndGlobal
